{
  "name": "class-api",
  "version": "1.0.0",
  "lockfileVersion": 2,
  "requires": true,
  "packages": {
    "": {
      "name": "class-api",
      "version": "1.0.0",
      "license": "APACHE-2.0",
      "dependencies": {
        "@blockless/oracle-toolkit": "https://github.com/blocklessnetwork/oracle-toolkit-as#b8eafe59814e0abc8ff61bade3d9fe0f0aded579",
        "@blockless/sdk": "https://github.com/blocklessnetwork/sdk-assemblyscript#2e53453ac08069882c530a186105a182f3657be6",
        "as-bignum": "^0.2.23",
        "as-wasi": "^0.4.6",
        "assemblyscript": "^0.20.10",
        "wasi": "^0.0.6"
      },
      "devDependencies": {
        "@assemblyscript/wasi-shim": "^0.1.0"
      }
    },
    "node_modules/@assemblyscript/wasi-shim": {
      "version": "0.1.0",
      "resolved": "https://registry.npmjs.org/@assemblyscript/wasi-shim/-/wasi-shim-0.1.0.tgz",
      "integrity": "sha512-fSLH7MdJHf2uDW5llA5VCF/CG62Jp2WkYGui9/3vIWs3jDhViGeQF7nMYLUjpigluM5fnq61I6obtCETy39FZw==",
      "dev": true,
      "funding": {
        "type": "opencollective",
        "url": "https://opencollective.com/assemblyscript"
      }
    },
    "node_modules/@blockless/oracle-toolkit": {
      "name": "@blockless/oracle-toolkit-as",
      "version": "1.0.0",
      "resolved": "git+ssh://git@github.com/blocklessnetwork/oracle-toolkit-as.git#b8eafe59814e0abc8ff61bade3d9fe0f0aded579",
      "integrity": "sha512-u7bIZrTaTRp+InB1kDjOiUXBpjaombVrgxuz7rRxkb9X79IRu0UX4bdaO6raykFV4/zihVJ7O1llord0YobuUA==",
      "license": "APACHE-2.0",
      "dependencies": {
        "@blockless/sdk": "https://github.com/blocklessnetwork/sdk-assemblyscript#2e53453ac08069882c530a186105a182f3657be6",
        "as-bignum": "^0.2.23",
        "as-wasi": "^0.4.6"
      }
    },
    "node_modules/@blockless/sdk": {
      "version": "1.0.1",
      "resolved": "git+ssh://git@github.com/blocklessnetwork/sdk-assemblyscript.git#2e53453ac08069882c530a186105a182f3657be6",
      "integrity": "sha512-xEjnEBcOAf55DsXWURVfUbQ/aIIG3vdU8E0I+YA66tLlyRpYEhhLZlnIOykfRuBwT+ohRfWIGtv6vEH2PTEdfQ==",
      "license": "APACHE-2.0",
      "dependencies": {
        "as-wasi": "^0.4.6",
        "wasi": "^0.0.6"
      }
    },
    "node_modules/as-bignum": {
      "version": "0.2.23",
      "resolved": "https://registry.npmjs.org/as-bignum/-/as-bignum-0.2.23.tgz",
      "integrity": "sha512-0+GiwHNwyw0lXI+6uzOI6ReNOEsqKihdLJuOYJeqEOfXcIqwtSixLcQ7h9UQaMrroktW/Idmqj2TinpcWTxxJA=="
    },
    "node_modules/as-wasi": {
      "version": "0.4.6",
      "resolved": "https://registry.npmjs.org/as-wasi/-/as-wasi-0.4.6.tgz",
      "integrity": "sha512-HFWdxLVHrOfchf/M+gE2IczsHBkWXqekZZfHYmDj6WP1UnpQC4k44OeyjqmSwC/db1tppEwCUssDCuFGnMdJZw=="
    },
    "node_modules/assemblyscript": {
      "version": "0.20.19",
      "resolved": "https://registry.npmjs.org/assemblyscript/-/assemblyscript-0.20.19.tgz",
      "integrity": "sha512-IJN2CaAwCdRgTSZz3GiuYyXtXIjETBrlzky9ww9jFlEgH8i0pNFt6MAS3viogkofem+rcY6Fhr/clk+b6LWLBw==",
      "dependencies": {
        "binaryen": "109.0.0-nightly.20220813",
        "long": "^5.2.0"
      },
      "bin": {
        "asc": "bin/asc.js",
        "asinit": "bin/asinit.js"
      },
      "engines": {
        "node": ">=16.0.0",
        "npm": ">=7.0.0"
      },
      "funding": {
        "type": "opencollective",
        "url": "https://opencollective.com/assemblyscript"
      }
    },
    "node_modules/binaryen": {
      "version": "109.0.0-nightly.20220813",
      "resolved": "https://registry.npmjs.org/binaryen/-/binaryen-109.0.0-nightly.20220813.tgz",
      "integrity": "sha512-u85Ti3LiGRrV0HqdNDRknalkx7QiCSL0jNsEsT522nnZacWxUaSJEILphxc2OnzmHVtdiWBE3c4lEzlU3ZEyDw==",
      "bin": {
        "wasm-opt": "bin/wasm-opt",
        "wasm2js": "bin/wasm2js"
      }
    },
    "node_modules/bindings": {
      "version": "1.5.0",
      "resolved": "https://registry.npmjs.org/bindings/-/bindings-1.5.0.tgz",
      "integrity": "sha512-p2q/t/mhvuOj/UeLlV6566GD/guowlr0hHxClI0W9m7MWYkL1F0hLo+0Aexs9HSPCtR1SXQ0TD3MMKrXZajbiQ==",
      "dependencies": {
        "file-uri-to-path": "1.0.0"
      }
    },
    "node_modules/file-uri-to-path": {
      "version": "1.0.0",
      "resolved": "https://registry.npmjs.org/file-uri-to-path/-/file-uri-to-path-1.0.0.tgz",
      "integrity": "sha512-0Zt+s3L7Vf1biwWZ29aARiVYLx7iMGnEUl9x33fbB/j3jR81u/O2LbqK+Bm1CDSNDKVtJ/YjwY7TUd5SkeLQLw=="
    },
    "node_modules/long": {
      "version": "5.2.1",
      "resolved": "https://registry.npmjs.org/long/-/long-5.2.1.tgz",
      "integrity": "sha512-GKSNGeNAtw8IryjjkhZxuKB3JzlcLTwjtiQCHKvqQet81I93kXslhDQruGI/QsddO83mcDToBVy7GqGS/zYf/A=="
    },
    "node_modules/wasi": {
      "version": "0.0.6",
      "resolved": "https://registry.npmjs.org/wasi/-/wasi-0.0.6.tgz",
      "integrity": "sha512-D3f4Q/3LojW1uMloOC1OuFlGy2u22hLqpskAz0OkmoYeWIwVYf8XBuc9ihDGJnNf3lfNvqM4s0030sN0UUXExw==",
      "hasInstallScript": true,
      "dependencies": {
        "bindings": "^1.5.0"
      },
      "bin": {
        "wasi": "run.js"
      }
    }
  },
  "dependencies": {
    "@assemblyscript/wasi-shim": {
      "version": "0.1.0",
      "resolved": "https://registry.npmjs.org/@assemblyscript/wasi-shim/-/wasi-shim-0.1.0.tgz",
      "integrity": "sha512-fSLH7MdJHf2uDW5llA5VCF/CG62Jp2WkYGui9/3vIWs3jDhViGeQF7nMYLUjpigluM5fnq61I6obtCETy39FZw==",
      "dev": true
    },
    "@blockless/oracle-toolkit": {
      "version": "git+ssh://git@github.com/blocklessnetwork/oracle-toolkit-as.git#b8eafe59814e0abc8ff61bade3d9fe0f0aded579",
      "integrity": "sha512-u7bIZrTaTRp+InB1kDjOiUXBpjaombVrgxuz7rRxkb9X79IRu0UX4bdaO6raykFV4/zihVJ7O1llord0YobuUA==",
      "from": "@blockless/oracle-toolkit@https://github.com/blocklessnetwork/oracle-toolkit-as#b8eafe59814e0abc8ff61bade3d9fe0f0aded579",
      "requires": {
        "@blockless/sdk": "https://github.com/blocklessnetwork/sdk-assemblyscript#2e53453ac08069882c530a186105a182f3657be6",
        "as-bignum": "^0.2.23",
        "as-wasi": "^0.4.6"
      }
    },
    "@blockless/sdk": {
      "version": "git+ssh://git@github.com/blocklessnetwork/sdk-assemblyscript.git#2e53453ac08069882c530a186105a182f3657be6",
      "integrity": "sha512-xEjnEBcOAf55DsXWURVfUbQ/aIIG3vdU8E0I+YA66tLlyRpYEhhLZlnIOykfRuBwT+ohRfWIGtv6vEH2PTEdfQ==",
      "from": "@blockless/sdk@https://github.com/blocklessnetwork/sdk-assemblyscript#2e53453ac08069882c530a186105a182f3657be6",
      "requires": {
        "as-wasi": "^0.4.6",
        "wasi": "^0.0.6"
      }
    },
    "as-bignum": {
      "version": "0.2.23",
      "resolved": "https://registry.npmjs.org/as-bignum/-/as-bignum-0.2.23.tgz",
      "integrity": "sha512-0+GiwHNwyw0lXI+6uzOI6ReNOEsqKihdLJuOYJeqEOfXcIqwtSixLcQ7h9UQaMrroktW/Idmqj2TinpcWTxxJA=="
    },
    "as-wasi": {
      "version": "0.4.6",
      "resolved": "https://registry.npmjs.org/as-wasi/-/as-wasi-0.4.6.tgz",
      "integrity": "sha512-HFWdxLVHrOfchf/M+gE2IczsHBkWXqekZZfHYmDj6WP1UnpQC4k44OeyjqmSwC/db1tppEwCUssDCuFGnMdJZw=="
    },
    "assemblyscript": {
      "version": "0.20.19",
      "resolved": "https://registry.npmjs.org/assemblyscript/-/assemblyscript-0.20.19.tgz",
      "integrity": "sha512-IJN2CaAwCdRgTSZz3GiuYyXtXIjETBrlzky9ww9jFlEgH8i0pNFt6MAS3viogkofem+rcY6Fhr/clk+b6LWLBw==",
      "requires": {
        "binaryen": "109.0.0-nightly.20220813",
        "long": "^5.2.0"
      }
    },
    "binaryen": {
      "version": "109.0.0-nightly.20220813",
      "resolved": "https://registry.npmjs.org/binaryen/-/binaryen-109.0.0-nightly.20220813.tgz",
      "integrity": "sha512-u85Ti3LiGRrV0HqdNDRknalkx7QiCSL0jNsEsT522nnZacWxUaSJEILphxc2OnzmHVtdiWBE3c4lEzlU3ZEyDw=="
    },
    "bindings": {
      "version": "1.5.0",
      "resolved": "https://registry.npmjs.org/bindings/-/bindings-1.5.0.tgz",
      "integrity": "sha512-p2q/t/mhvuOj/UeLlV6566GD/guowlr0hHxClI0W9m7MWYkL1F0hLo+0Aexs9HSPCtR1SXQ0TD3MMKrXZajbiQ==",
      "requires": {
        "file-uri-to-path": "1.0.0"
      }
    },
    "file-uri-to-path": {
      "version": "1.0.0",
      "resolved": "https://registry.npmjs.org/file-uri-to-path/-/file-uri-to-path-1.0.0.tgz",
      "integrity": "sha512-0Zt+s3L7Vf1biwWZ29aARiVYLx7iMGnEUl9x33fbB/j3jR81u/O2LbqK+Bm1CDSNDKVtJ/YjwY7TUd5SkeLQLw=="
    },
    "long": {
      "version": "5.2.1",
      "resolved": "https://registry.npmjs.org/long/-/long-5.2.1.tgz",
      "integrity": "sha512-GKSNGeNAtw8IryjjkhZxuKB3JzlcLTwjtiQCHKvqQet81I93kXslhDQruGI/QsddO83mcDToBVy7GqGS/zYf/A=="
    },
    "wasi": {
      "version": "0.0.6",
      "resolved": "https://registry.npmjs.org/wasi/-/wasi-0.0.6.tgz",
      "integrity": "sha512-D3f4Q/3LojW1uMloOC1OuFlGy2u22hLqpskAz0OkmoYeWIwVYf8XBuc9ihDGJnNf3lfNvqM4s0030sN0UUXExw==",
      "requires": {
        "bindings": "^1.5.0"
      }
    }
  }
}
